{"_meta":{"file-type":"spack-lockfile","lockfile-version":5,"specfile-version":4},"spack":{"version":"0.22.2","type":"release"},"roots":[{"hash":"yt6vabmqdhcyqorspqj4groanxmwom4c","spec":"gcc@12.2.0%gcc@8.5.0 arch=linux-rocky8-x86_64"}],"concrete_specs":{"yt6vabmqdhcyqorspqj4groanxmwom4c":{"name":"gcc","version":"12.2.0","arch":{"platform":"linux","platform_os":"rocky8","target":"x86_64"},"compiler":{"name":"gcc","version":"8.5.0"},"namespace":"builtin","parameters":{"binutils":false,"bootstrap":true,"build_system":"autotools","build_type":"RelWithDebInfo","graphite":false,"languages":["c","c++","fortran"],"nvptx":false,"piclibs":false,"profiled":false,"strip":false,"cflags":[],"cppflags":[],"cxxflags":[],"fflags":[],"ldflags":[],"ldlibs":[]},"package_hash":"dn7ekd2bt6y34lr6ysn2pkjuwxnaq7tc4wskg3tp6qup4ljb4d5q====","dependencies":[{"name":"diffutils","hash":"pxlunadzjkyll7iln5d77p7m467lised","parameters":{"deptypes":["build"],"virtuals":[]}},{"name":"gawk","hash":"vo4j2qrrhg5wisnd27yelc6t2lmbirkt","parameters":{"deptypes":["build"],"virtuals":[]}},{"name":"gcc-runtime","hash":"xvjgomg5sceyxwzzma4lejwdhh4lp7xe","parameters":{"deptypes":["link"],"virtuals":[]}},{"name":"glibc","hash":"6bfinv7zwwffcz4l7b4cb6ndkdy77yqv","parameters":{"deptypes":["link"],"virtuals":["libc"]}},{"name":"gmake","hash":"nql6rhtimta2o7fpa2gbgybf2e6qd4vr","parameters":{"deptypes":["build"],"virtuals":[]}},{"name":"gmp","hash":"vb6uboowznxcldejjxhcxnxqgiqeh7yl","parameters":{"deptypes":["build","link"],"virtuals":[]}},{"name":"libtool","hash":"bq75qkglr3et7rd7xagzheyy4u3nsxkw","parameters":{"deptypes":["build"],"virtuals":[]}},{"name":"mpc","hash":"k4kcx27qlolwucda6dwzjp2varcledba","parameters":{"deptypes":["build","link"],"virtuals":[]}},{"name":"mpfr","hash":"e4wij6c2nizdtizwqvn3wbkzmpjdexcw","parameters":{"deptypes":["build","link"],"virtuals":[]}},{"name":"perl","hash":"cjrqszaxgp4r7cppxtpfiekvwqnuhuew","parameters":{"deptypes":["build"],"virtuals":[]}},{"name":"texinfo","hash":"iqszzh2ss756gbkndfuhdsh7l4c2oqqg","parameters":{"deptypes":["build"],"virtuals":[]}},{"name":"zlib-ng","hash":"bucswa2zcyjfjnxjmiqmjk5hxih2kpos","parameters":{"deptypes":["build","link"],"virtuals":["zlib-api"]}},{"name":"zstd","hash":"c4ziswjyaqp45stjzc4njyl6xq4qoyvn","parameters":{"deptypes":["build","link"],"virtuals":[]}}],"hash":"yt6vabmqdhcyqorspqj4groanxmwom4c"},"pxlunadzjkyll7iln5d77p7m467lised":{"name":"diffutils","version":"3.6","arch":{"platform":"linux","platform_os":"rocky8","target":"x86_64"},"compiler":{"name":"gcc","version":"8.5.0"},"namespace":"builtin","parameters":{"build_system":"autotools","cflags":[],"cppflags":[],"cxxflags":[],"fflags":[],"ldflags":[],"ldlibs":[]},"external":{"path":"/usr","module":null,"extra_attributes":{}},"package_hash":"wczenrbgagtesf7wee46apoht7caprcxzkpzhutvufagyzhevchq====","hash":"pxlunadzjkyll7iln5d77p7m467lised"},"vo4j2qrrhg5wisnd27yelc6t2lmbirkt":{"name":"gawk","version":"4.2.1","arch":{"platform":"linux","platform_os":"rocky8","target":"x86_64"},"compiler":{"name":"gcc","version":"8.5.0"},"namespace":"builtin","parameters":{"build_system":"autotools","nls":false,"cflags":[],"cppflags":[],"cxxflags":[],"fflags":[],"ldflags":[],"ldlibs":[]},"external":{"path":"/usr","module":null,"extra_attributes":{}},"package_hash":"f2gnpdk4raki3dmlislwawiqep2p3a3dtwxdoxrghdp5ld6yz7ca====","hash":"vo4j2qrrhg5wisnd27yelc6t2lmbirkt"},"xvjgomg5sceyxwzzma4lejwdhh4lp7xe":{"name":"gcc-runtime","version":"8.5.0","arch":{"platform":"linux","platform_os":"rocky8","target":"x86_64"},"compiler":{"name":"gcc","version":"8.5.0"},"namespace":"builtin","parameters":{"build_system":"generic","cflags":[],"cppflags":[],"cxxflags":[],"fflags":[],"ldflags":[],"ldlibs":[]},"package_hash":"sbry3aldasmsm7cxonkbjh26n4h67jsb7ylzmrtjvxhnecjirboq====","dependencies":[{"name":"glibc","hash":"6bfinv7zwwffcz4l7b4cb6ndkdy77yqv","parameters":{"deptypes":["link"],"virtuals":["libc"]}}],"hash":"xvjgomg5sceyxwzzma4lejwdhh4lp7xe"},"6bfinv7zwwffcz4l7b4cb6ndkdy77yqv":{"name":"glibc","version":"2.28","arch":{"platform":"linux","platform_os":"rocky8","target":"x86_64"},"compiler":{"name":"gcc","version":"8.5.0"},"namespace":"builtin","parameters":{"build_system":"autotools","cflags":[],"cppflags":[],"cxxflags":[],"fflags":[],"ldflags":[],"ldlibs":[]},"external":{"path":"/usr","module":null,"extra_attributes":{}},"package_hash":"riktbfk2yybad7tgbvdkntk5c5msjcm5pk3x7naszgbvfm57h4rq====","hash":"6bfinv7zwwffcz4l7b4cb6ndkdy77yqv"},"nql6rhtimta2o7fpa2gbgybf2e6qd4vr":{"name":"gmake","version":"4.4.1","arch":{"platform":"linux","platform_os":"rocky8","target":"x86_64"},"compiler":{"name":"gcc","version":"8.5.0"},"namespace":"builtin","parameters":{"build_system":"generic","guile":false,"cflags":[],"cppflags":[],"cxxflags":[],"fflags":[],"ldflags":[],"ldlibs":[]},"package_hash":"ghstvqlc3r7kgiikwx24xhcxdxcqdk5viinrzgm2mssqigfonika====","dependencies":[{"name":"gcc-runtime","hash":"xvjgomg5sceyxwzzma4lejwdhh4lp7xe","parameters":{"deptypes":["link"],"virtuals":[]}},{"name":"glibc","hash":"6bfinv7zwwffcz4l7b4cb6ndkdy77yqv","parameters":{"deptypes":["link"],"virtuals":["libc"]}}],"hash":"nql6rhtimta2o7fpa2gbgybf2e6qd4vr"},"vb6uboowznxcldejjxhcxnxqgiqeh7yl":{"name":"gmp","version":"6.2.1","arch":{"platform":"linux","platform_os":"rocky8","target":"x86_64"},"compiler":{"name":"gcc","version":"8.5.0"},"namespace":"builtin","parameters":{"build_system":"autotools","cxx":true,"libs":["shared","static"],"patches":["69ad2e25f05ff4f347e5372f35f385163c66527000b15f57f0496b5fab62f48c"],"cflags":[],"cppflags":[],"cxxflags":[],"fflags":[],"ldflags":[],"ldlibs":[]},"patches":["69ad2e25f05ff4f347e5372f35f385163c66527000b15f57f0496b5fab62f48c"],"package_hash":"ernnjs4spj2fkr7nqqk6ddvgaydo5pcimqleasvhvjr2xb3dny7a====","dependencies":[{"name":"autoconf","hash":"bt2acl2v4rfuvjq3inci6vlstopjlhdx","parameters":{"deptypes":["build"],"virtuals":[]}},{"name":"automake","hash":"fnslvbualz5iqhkt6x6rqknvtkmuajby","parameters":{"deptypes":["build"],"virtuals":[]}},{"name":"gcc-runtime","hash":"xvjgomg5sceyxwzzma4lejwdhh4lp7xe","parameters":{"deptypes":["link"],"virtuals":[]}},{"name":"glibc","hash":"6bfinv7zwwffcz4l7b4cb6ndkdy77yqv","parameters":{"deptypes":["link"],"virtuals":["libc"]}},{"name":"gmake","hash":"nql6rhtimta2o7fpa2gbgybf2e6qd4vr","parameters":{"deptypes":["build"],"virtuals":[]}},{"name":"libtool","hash":"bq75qkglr3et7rd7xagzheyy4u3nsxkw","parameters":{"deptypes":["build"],"virtuals":[]}},{"name":"m4","hash":"smslrsq6n3i3foxyciqwiyf46eswlxt3","parameters":{"deptypes":["build"],"virtuals":[]}}],"hash":"vb6uboowznxcldejjxhcxnxqgiqeh7yl"},"bt2acl2v4rfuvjq3inci6vlstopjlhdx":{"name":"autoconf","version":"2.72","arch":{"platform":"linux","platform_os":"rocky8","target":"x86_64"},"compiler":{"name":"gcc","version":"8.5.0"},"namespace":"builtin","parameters":{"build_system":"autotools","cflags":[],"cppflags":[],"cxxflags":[],"fflags":[],"ldflags":[],"ldlibs":[]},"package_hash":"o2p7sd2y7u3arqkk24aap54uarfgpxcdohyjbpcmw56nkbs27ueq====","dependencies":[{"name":"gcc-runtime","hash":"xvjgomg5sceyxwzzma4lejwdhh4lp7xe","parameters":{"deptypes":["link"],"virtuals":[]}},{"name":"glibc","hash":"6bfinv7zwwffcz4l7b4cb6ndkdy77yqv","parameters":{"deptypes":["link"],"virtuals":["libc"]}},{"name":"gmake","hash":"nql6rhtimta2o7fpa2gbgybf2e6qd4vr","parameters":{"deptypes":["build"],"virtuals":[]}},{"name":"m4","hash":"smslrsq6n3i3foxyciqwiyf46eswlxt3","parameters":{"deptypes":["build","run"],"virtuals":[]}},{"name":"perl","hash":"cjrqszaxgp4r7cppxtpfiekvwqnuhuew","parameters":{"deptypes":["build","run"],"virtuals":[]}}],"hash":"bt2acl2v4rfuvjq3inci6vlstopjlhdx"},"smslrsq6n3i3foxyciqwiyf46eswlxt3":{"name":"m4","version":"1.4.18","arch":{"platform":"linux","platform_os":"rocky8","target":"x86_64"},"compiler":{"name":"gcc","version":"8.5.0"},"namespace":"builtin","parameters":{"build_system":"autotools","patches":["3877ab548f88597ab2327a2230ee048d2d07ace1062efe81fc92e91b7f39cd00","fc9b61654a3ba1a8d6cd78ce087e7c96366c290bc8d2c299f09828d793b853c8"],"sigsegv":true,"cflags":[],"cppflags":[],"cxxflags":[],"fflags":[],"ldflags":[],"ldlibs":[]},"external":{"path":"/usr","module":null,"extra_attributes":{}},"patches":["3877ab548f88597ab2327a2230ee048d2d07ace1062efe81fc92e91b7f39cd00","fc9b61654a3ba1a8d6cd78ce087e7c96366c290bc8d2c299f09828d793b853c8"],"package_hash":"o4aclgipkjpdu727kjn7ylaiv2g6ffi2geldm5ljeicl6ik774na====","hash":"smslrsq6n3i3foxyciqwiyf46eswlxt3"},"cjrqszaxgp4r7cppxtpfiekvwqnuhuew":{"name":"perl","version":"5.38.0","arch":{"platform":"linux","platform_os":"rocky8","target":"x86_64"},"compiler":{"name":"gcc","version":"8.5.0"},"namespace":"builtin","parameters":{"build_system":"generic","cpanm":true,"opcode":true,"open":true,"patches":["714e4d1c7496e6b23834e7c88da3d69139418860fbc488fe82fd226b450a4be7"],"shared":true,"threads":true,"cflags":[],"cppflags":[],"cxxflags":[],"fflags":[],"ldflags":[],"ldlibs":[]},"patches":["714e4d1c7496e6b23834e7c88da3d69139418860fbc488fe82fd226b450a4be7"],"package_hash":"ta4gjmwr42nirckhlozeuijm5sx4pvf76ydo7ee5ixwwcttrhxha====","dependencies":[{"name":"berkeley-db","hash":"gcdn5rrpucqbaeychldyk2fr7rcsvr6j","parameters":{"deptypes":["build","link"],"virtuals":[]}},{"name":"bzip2","hash":"zqswknp6z74zuntacp6nn6dsoewkweh3","parameters":{"deptypes":["build","link"],"virtuals":[]}},{"name":"gcc-runtime","hash":"xvjgomg5sceyxwzzma4lejwdhh4lp7xe","parameters":{"deptypes":["link"],"virtuals":[]}},{"name":"gdbm","hash":"mfzok6hrrjdv2wpgbhtpetunukzm7esb","parameters":{"deptypes":["build","link"],"virtuals":[]}},{"name":"glibc","hash":"6bfinv7zwwffcz4l7b4cb6ndkdy77yqv","parameters":{"deptypes":["link"],"virtuals":["libc"]}},{"name":"gmake","hash":"nql6rhtimta2o7fpa2gbgybf2e6qd4vr","parameters":{"deptypes":["build"],"virtuals":[]}},{"name":"zlib-ng","hash":"bucswa2zcyjfjnxjmiqmjk5hxih2kpos","parameters":{"deptypes":["build","link"],"virtuals":["zlib-api"]}}],"hash":"cjrqszaxgp4r7cppxtpfiekvwqnuhuew"},"gcdn5rrpucqbaeychldyk2fr7rcsvr6j":{"name":"berkeley-db","version":"18.1.40","arch":{"platform":"linux","platform_os":"rocky8","target":"x86_64"},"compiler":{"name":"gcc","version":"8.5.0"},"namespace":"builtin","parameters":{"build_system":"autotools","cxx":true,"docs":false,"patches":["26090f418891757af46ac3b89a9f43d6eb5989f7a3dce3d1cfc99fba547203b3","b231fcc4d5cff05e5c3a4814f6a5af0e9a966428dc2176540d2c05aff41de522"],"stl":true,"cflags":[],"cppflags":[],"cxxflags":[],"fflags":[],"ldflags":[],"ldlibs":[]},"patches":["b231fcc4d5cff05e5c3a4814f6a5af0e9a966428dc2176540d2c05aff41de522","26090f418891757af46ac3b89a9f43d6eb5989f7a3dce3d1cfc99fba547203b3"],"package_hash":"h57ydfn33zevvzctzzioiiwjwe362izbbwncb6a26dfeno4y7tda====","dependencies":[{"name":"gcc-runtime","hash":"xvjgomg5sceyxwzzma4lejwdhh4lp7xe","parameters":{"deptypes":["link"],"virtuals":[]}},{"name":"glibc","hash":"6bfinv7zwwffcz4l7b4cb6ndkdy77yqv","parameters":{"deptypes":["link"],"virtuals":["libc"]}},{"name":"gmake","hash":"nql6rhtimta2o7fpa2gbgybf2e6qd4vr","parameters":{"deptypes":["build"],"virtuals":[]}}],"hash":"gcdn5rrpucqbaeychldyk2fr7rcsvr6j"},"zqswknp6z74zuntacp6nn6dsoewkweh3":{"name":"bzip2","version":"1.0.8","arch":{"platform":"linux","platform_os":"rocky8","target":"x86_64"},"compiler":{"name":"gcc","version":"8.5.0"},"namespace":"builtin","parameters":{"build_system":"generic","debug":false,"pic":false,"shared":true,"cflags":[],"cppflags":[],"cxxflags":[],"fflags":[],"ldflags":[],"ldlibs":[]},"package_hash":"wa33h4h2abj7tx5cndixz7bdwu5fspdaf2kjlqsinnearayw6fra====","dependencies":[{"name":"diffutils","hash":"pxlunadzjkyll7iln5d77p7m467lised","parameters":{"deptypes":["build"],"virtuals":[]}},{"name":"gcc-runtime","hash":"xvjgomg5sceyxwzzma4lejwdhh4lp7xe","parameters":{"deptypes":["link"],"virtuals":[]}},{"name":"glibc","hash":"6bfinv7zwwffcz4l7b4cb6ndkdy77yqv","parameters":{"deptypes":["link"],"virtuals":["libc"]}},{"name":"gmake","hash":"nql6rhtimta2o7fpa2gbgybf2e6qd4vr","parameters":{"deptypes":["build"],"virtuals":[]}}],"hash":"zqswknp6z74zuntacp6nn6dsoewkweh3"},"mfzok6hrrjdv2wpgbhtpetunukzm7esb":{"name":"gdbm","version":"1.23","arch":{"platform":"linux","platform_os":"rocky8","target":"x86_64"},"compiler":{"name":"gcc","version":"8.5.0"},"namespace":"builtin","parameters":{"build_system":"autotools","cflags":[],"cppflags":[],"cxxflags":[],"fflags":[],"ldflags":[],"ldlibs":[]},"package_hash":"liepxl6phlcxbgfmibxafhewtihlgaa4x3hko37ckqlafhxkrgdq====","dependencies":[{"name":"gcc-runtime","hash":"xvjgomg5sceyxwzzma4lejwdhh4lp7xe","parameters":{"deptypes":["link"],"virtuals":[]}},{"name":"glibc","hash":"6bfinv7zwwffcz4l7b4cb6ndkdy77yqv","parameters":{"deptypes":["link"],"virtuals":["libc"]}},{"name":"gmake","hash":"nql6rhtimta2o7fpa2gbgybf2e6qd4vr","parameters":{"deptypes":["build"],"virtuals":[]}},{"name":"readline","hash":"ijbuslo6td74lafw737qosju5rzfih4e","parameters":{"deptypes":["build","link"],"virtuals":[]}}],"hash":"mfzok6hrrjdv2wpgbhtpetunukzm7esb"},"ijbuslo6td74lafw737qosju5rzfih4e":{"name":"readline","version":"8.2","arch":{"platform":"linux","platform_os":"rocky8","target":"x86_64"},"compiler":{"name":"gcc","version":"8.5.0"},"namespace":"builtin","parameters":{"build_system":"autotools","patches":["bbf97f1ec40a929edab5aa81998c1e2ef435436c597754916e6a5868f273aff7"],"cflags":[],"cppflags":[],"cxxflags":[],"fflags":[],"ldflags":[],"ldlibs":[]},"patches":["bbf97f1ec40a929edab5aa81998c1e2ef435436c597754916e6a5868f273aff7"],"package_hash":"oww6dmr7xqgg6j7iiluonxbcl4irqnnrip4vfkjdwujncwnuhwuq====","dependencies":[{"name":"gcc-runtime","hash":"xvjgomg5sceyxwzzma4lejwdhh4lp7xe","parameters":{"deptypes":["link"],"virtuals":[]}},{"name":"glibc","hash":"6bfinv7zwwffcz4l7b4cb6ndkdy77yqv","parameters":{"deptypes":["link"],"virtuals":["libc"]}},{"name":"gmake","hash":"nql6rhtimta2o7fpa2gbgybf2e6qd4vr","parameters":{"deptypes":["build"],"virtuals":[]}},{"name":"ncurses","hash":"poubuuqayuubogz2pysbruffdwtwlk4x","parameters":{"deptypes":["build","link"],"virtuals":[]}}],"hash":"ijbuslo6td74lafw737qosju5rzfih4e"},"poubuuqayuubogz2pysbruffdwtwlk4x":{"name":"ncurses","version":"6.5","arch":{"platform":"linux","platform_os":"rocky8","target":"x86_64"},"compiler":{"name":"gcc","version":"8.5.0"},"namespace":"builtin","parameters":{"abi":"none","build_system":"autotools","patches":["7a351bc4953a4ab70dabdbea31c8db0c03d40ce505335f3b6687180dde24c535"],"symlinks":false,"termlib":true,"cflags":[],"cppflags":[],"cxxflags":[],"fflags":[],"ldflags":[],"ldlibs":[]},"patches":["7a351bc4953a4ab70dabdbea31c8db0c03d40ce505335f3b6687180dde24c535"],"package_hash":"rlqzqxoau3wwzu62x6qxlf4flon6b4n3p4zesnc6t2oyybrvnkwq====","dependencies":[{"name":"gcc-runtime","hash":"xvjgomg5sceyxwzzma4lejwdhh4lp7xe","parameters":{"deptypes":["link"],"virtuals":[]}},{"name":"glibc","hash":"6bfinv7zwwffcz4l7b4cb6ndkdy77yqv","parameters":{"deptypes":["link"],"virtuals":["libc"]}},{"name":"gmake","hash":"nql6rhtimta2o7fpa2gbgybf2e6qd4vr","parameters":{"deptypes":["build"],"virtuals":[]}},{"name":"pkgconf","hash":"heojzxoh7xjdrikh7lrfwohkst3zn6w6","parameters":{"deptypes":["build"],"virtuals":["pkgconfig"]}}],"hash":"poubuuqayuubogz2pysbruffdwtwlk4x"},"heojzxoh7xjdrikh7lrfwohkst3zn6w6":{"name":"pkgconf","version":"2.2.0","arch":{"platform":"linux","platform_os":"rocky8","target":"x86_64"},"compiler":{"name":"gcc","version":"8.5.0"},"namespace":"builtin","parameters":{"build_system":"autotools","cflags":[],"cppflags":[],"cxxflags":[],"fflags":[],"ldflags":[],"ldlibs":[]},"package_hash":"q2qey5otmyi3qvzrgsszi6gre5uaxd6z6zyh3zjv2vtgukavieoq====","dependencies":[{"name":"gcc-runtime","hash":"xvjgomg5sceyxwzzma4lejwdhh4lp7xe","parameters":{"deptypes":["link"],"virtuals":[]}},{"name":"glibc","hash":"6bfinv7zwwffcz4l7b4cb6ndkdy77yqv","parameters":{"deptypes":["link"],"virtuals":["libc"]}},{"name":"gmake","hash":"nql6rhtimta2o7fpa2gbgybf2e6qd4vr","parameters":{"deptypes":["build"],"virtuals":[]}}],"hash":"heojzxoh7xjdrikh7lrfwohkst3zn6w6"},"bucswa2zcyjfjnxjmiqmjk5hxih2kpos":{"name":"zlib-ng","version":"2.1.6","arch":{"platform":"linux","platform_os":"rocky8","target":"x86_64"},"compiler":{"name":"gcc","version":"8.5.0"},"namespace":"builtin","parameters":{"build_system":"autotools","compat":true,"new_strategies":true,"opt":true,"pic":true,"shared":true,"cflags":[],"cppflags":[],"cxxflags":[],"fflags":[],"ldflags":[],"ldlibs":[]},"package_hash":"mulfc7ykutrxflhqn3h6pqypexmggje35ldj6ekqxn53zdhrkpuq====","dependencies":[{"name":"gcc-runtime","hash":"xvjgomg5sceyxwzzma4lejwdhh4lp7xe","parameters":{"deptypes":["link"],"virtuals":[]}},{"name":"glibc","hash":"6bfinv7zwwffcz4l7b4cb6ndkdy77yqv","parameters":{"deptypes":["link"],"virtuals":["libc"]}},{"name":"gmake","hash":"nql6rhtimta2o7fpa2gbgybf2e6qd4vr","parameters":{"deptypes":["build"],"virtuals":[]}}],"hash":"bucswa2zcyjfjnxjmiqmjk5hxih2kpos"},"fnslvbualz5iqhkt6x6rqknvtkmuajby":{"name":"automake","version":"1.16.5","arch":{"platform":"linux","platform_os":"rocky8","target":"x86_64"},"compiler":{"name":"gcc","version":"8.5.0"},"namespace":"builtin","parameters":{"build_system":"autotools","cflags":[],"cppflags":[],"cxxflags":[],"fflags":[],"ldflags":[],"ldlibs":[]},"package_hash":"mwdviv4g6xu2ttfs6dnzmwbofpxa4vke3y5egbb6w4fesykvnbda====","dependencies":[{"name":"autoconf","hash":"bt2acl2v4rfuvjq3inci6vlstopjlhdx","parameters":{"deptypes":["build"],"virtuals":[]}},{"name":"gcc-runtime","hash":"xvjgomg5sceyxwzzma4lejwdhh4lp7xe","parameters":{"deptypes":["link"],"virtuals":[]}},{"name":"glibc","hash":"6bfinv7zwwffcz4l7b4cb6ndkdy77yqv","parameters":{"deptypes":["link"],"virtuals":["libc"]}},{"name":"gmake","hash":"nql6rhtimta2o7fpa2gbgybf2e6qd4vr","parameters":{"deptypes":["build"],"virtuals":[]}},{"name":"perl","hash":"cjrqszaxgp4r7cppxtpfiekvwqnuhuew","parameters":{"deptypes":["build","run"],"virtuals":[]}}],"hash":"fnslvbualz5iqhkt6x6rqknvtkmuajby"},"bq75qkglr3et7rd7xagzheyy4u3nsxkw":{"name":"libtool","version":"2.4.7","arch":{"platform":"linux","platform_os":"rocky8","target":"x86_64"},"compiler":{"name":"gcc","version":"8.5.0"},"namespace":"builtin","parameters":{"build_system":"autotools","cflags":[],"cppflags":[],"cxxflags":[],"fflags":[],"ldflags":[],"ldlibs":[]},"package_hash":"7lyavyiwpnrhw7tfv5vgri32at345gdegbixiskk63ext2f5rzza====","dependencies":[{"name":"findutils","hash":"n5kjfa4fn2bb5yw6rghhhyzaqkbz3uy6","parameters":{"deptypes":["run"],"virtuals":[]}},{"name":"gcc-runtime","hash":"xvjgomg5sceyxwzzma4lejwdhh4lp7xe","parameters":{"deptypes":["link"],"virtuals":[]}},{"name":"glibc","hash":"6bfinv7zwwffcz4l7b4cb6ndkdy77yqv","parameters":{"deptypes":["link"],"virtuals":["libc"]}},{"name":"gmake","hash":"nql6rhtimta2o7fpa2gbgybf2e6qd4vr","parameters":{"deptypes":["build"],"virtuals":[]}},{"name":"m4","hash":"smslrsq6n3i3foxyciqwiyf46eswlxt3","parameters":{"deptypes":["build"],"virtuals":[]}}],"hash":"bq75qkglr3et7rd7xagzheyy4u3nsxkw"},"n5kjfa4fn2bb5yw6rghhhyzaqkbz3uy6":{"name":"findutils","version":"4.6.0","arch":{"platform":"linux","platform_os":"rocky8","target":"x86_64"},"compiler":{"name":"gcc","version":"8.5.0"},"namespace":"builtin","parameters":{"build_system":"autotools","cflags":[],"cppflags":[],"cxxflags":[],"fflags":[],"ldflags":[],"ldlibs":[]},"external":{"path":"/usr","module":null,"extra_attributes":{}},"package_hash":"5nku5n754hr4o5patkymar7t72qyaauh3gbhqcc532axomcuwzqq====","hash":"n5kjfa4fn2bb5yw6rghhhyzaqkbz3uy6"},"k4kcx27qlolwucda6dwzjp2varcledba":{"name":"mpc","version":"1.3.1","arch":{"platform":"linux","platform_os":"rocky8","target":"x86_64"},"compiler":{"name":"gcc","version":"8.5.0"},"namespace":"builtin","parameters":{"build_system":"autotools","libs":["shared","static"],"cflags":[],"cppflags":[],"cxxflags":[],"fflags":[],"ldflags":[],"ldlibs":[]},"package_hash":"webjlp34evhh4wauduchhdv4t35ibc3ifgq4ep4q6su5lauip6ha====","dependencies":[{"name":"gcc-runtime","hash":"xvjgomg5sceyxwzzma4lejwdhh4lp7xe","parameters":{"deptypes":["link"],"virtuals":[]}},{"name":"glibc","hash":"6bfinv7zwwffcz4l7b4cb6ndkdy77yqv","parameters":{"deptypes":["link"],"virtuals":["libc"]}},{"name":"gmake","hash":"nql6rhtimta2o7fpa2gbgybf2e6qd4vr","parameters":{"deptypes":["build"],"virtuals":[]}},{"name":"gmp","hash":"vb6uboowznxcldejjxhcxnxqgiqeh7yl","parameters":{"deptypes":["build","link"],"virtuals":[]}},{"name":"mpfr","hash":"e4wij6c2nizdtizwqvn3wbkzmpjdexcw","parameters":{"deptypes":["build","link"],"virtuals":[]}}],"hash":"k4kcx27qlolwucda6dwzjp2varcledba"},"e4wij6c2nizdtizwqvn3wbkzmpjdexcw":{"name":"mpfr","version":"4.2.1","arch":{"platform":"linux","platform_os":"rocky8","target":"x86_64"},"compiler":{"name":"gcc","version":"8.5.0"},"namespace":"builtin","parameters":{"build_system":"autotools","libs":["shared","static"],"cflags":[],"cppflags":[],"cxxflags":[],"fflags":[],"ldflags":[],"ldlibs":[]},"package_hash":"fjdpxtxyom6yhygj44hzggoiddo7i6iqhlk65fve77c2w5migb5a====","dependencies":[{"name":"autoconf","hash":"bt2acl2v4rfuvjq3inci6vlstopjlhdx","parameters":{"deptypes":["build"],"virtuals":[]}},{"name":"autoconf-archive","hash":"ue442qcf2srws4gnhiydvuccrhjhcdxr","parameters":{"deptypes":["build"],"virtuals":[]}},{"name":"automake","hash":"fnslvbualz5iqhkt6x6rqknvtkmuajby","parameters":{"deptypes":["build"],"virtuals":[]}},{"name":"gcc-runtime","hash":"xvjgomg5sceyxwzzma4lejwdhh4lp7xe","parameters":{"deptypes":["link"],"virtuals":[]}},{"name":"glibc","hash":"6bfinv7zwwffcz4l7b4cb6ndkdy77yqv","parameters":{"deptypes":["link"],"virtuals":["libc"]}},{"name":"gmake","hash":"nql6rhtimta2o7fpa2gbgybf2e6qd4vr","parameters":{"deptypes":["build"],"virtuals":[]}},{"name":"gmp","hash":"vb6uboowznxcldejjxhcxnxqgiqeh7yl","parameters":{"deptypes":["build","link"],"virtuals":[]}},{"name":"libtool","hash":"bq75qkglr3et7rd7xagzheyy4u3nsxkw","parameters":{"deptypes":["build"],"virtuals":[]}},{"name":"m4","hash":"smslrsq6n3i3foxyciqwiyf46eswlxt3","parameters":{"deptypes":["build"],"virtuals":[]}},{"name":"texinfo","hash":"iqszzh2ss756gbkndfuhdsh7l4c2oqqg","parameters":{"deptypes":["build"],"virtuals":[]}}],"hash":"e4wij6c2nizdtizwqvn3wbkzmpjdexcw"},"ue442qcf2srws4gnhiydvuccrhjhcdxr":{"name":"autoconf-archive","version":"2023.02.20","arch":{"platform":"linux","platform_os":"rocky8","target":"x86_64"},"compiler":{"name":"gcc","version":"8.5.0"},"namespace":"builtin","parameters":{"build_system":"autotools","cflags":[],"cppflags":[],"cxxflags":[],"fflags":[],"ldflags":[],"ldlibs":[]},"package_hash":"alaqrobe65z2evmo3p23j6mk4sbunn2bkxmcbtwdkpuxsgzfhhsq====","dependencies":[{"name":"gcc-runtime","hash":"xvjgomg5sceyxwzzma4lejwdhh4lp7xe","parameters":{"deptypes":["link"],"virtuals":[]}},{"name":"glibc","hash":"6bfinv7zwwffcz4l7b4cb6ndkdy77yqv","parameters":{"deptypes":["link"],"virtuals":["libc"]}},{"name":"gmake","hash":"nql6rhtimta2o7fpa2gbgybf2e6qd4vr","parameters":{"deptypes":["build"],"virtuals":[]}}],"hash":"ue442qcf2srws4gnhiydvuccrhjhcdxr"},"iqszzh2ss756gbkndfuhdsh7l4c2oqqg":{"name":"texinfo","version":"7.0.3","arch":{"platform":"linux","platform_os":"rocky8","target":"x86_64"},"compiler":{"name":"gcc","version":"8.5.0"},"namespace":"builtin","parameters":{"build_system":"autotools","cflags":[],"cppflags":[],"cxxflags":[],"fflags":[],"ldflags":[],"ldlibs":[]},"package_hash":"wwqoskaxybgiq5pydxgtu3q6nn52btddmi5p7xyf35j5lxxt7loq====","dependencies":[{"name":"gcc-runtime","hash":"xvjgomg5sceyxwzzma4lejwdhh4lp7xe","parameters":{"deptypes":["link"],"virtuals":[]}},{"name":"gettext","hash":"m24w3oqmkpehgo7zt6mykgso32374upl","parameters":{"deptypes":["build","link"],"virtuals":[]}},{"name":"glibc","hash":"6bfinv7zwwffcz4l7b4cb6ndkdy77yqv","parameters":{"deptypes":["link"],"virtuals":["libc"]}},{"name":"gmake","hash":"nql6rhtimta2o7fpa2gbgybf2e6qd4vr","parameters":{"deptypes":["build"],"virtuals":[]}},{"name":"ncurses","hash":"poubuuqayuubogz2pysbruffdwtwlk4x","parameters":{"deptypes":["build","link"],"virtuals":[]}},{"name":"perl","hash":"cjrqszaxgp4r7cppxtpfiekvwqnuhuew","parameters":{"deptypes":["build","link"],"virtuals":[]}}],"hash":"iqszzh2ss756gbkndfuhdsh7l4c2oqqg"},"m24w3oqmkpehgo7zt6mykgso32374upl":{"name":"gettext","version":"0.22.5","arch":{"platform":"linux","platform_os":"rocky8","target":"x86_64"},"compiler":{"name":"gcc","version":"8.5.0"},"namespace":"builtin","parameters":{"build_system":"autotools","bzip2":true,"curses":true,"git":true,"libunistring":false,"libxml2":true,"pic":true,"shared":true,"tar":true,"xz":true,"cflags":[],"cppflags":[],"cxxflags":[],"fflags":[],"ldflags":[],"ldlibs":[]},"package_hash":"6jj4v4jxihnsb4fzhdviq2ht6bep4pjfciqeg453dhyj73e4fl6a====","dependencies":[{"name":"bzip2","hash":"zqswknp6z74zuntacp6nn6dsoewkweh3","parameters":{"deptypes":["build","link"],"virtuals":[]}},{"name":"gcc-runtime","hash":"xvjgomg5sceyxwzzma4lejwdhh4lp7xe","parameters":{"deptypes":["link"],"virtuals":[]}},{"name":"glibc","hash":"6bfinv7zwwffcz4l7b4cb6ndkdy77yqv","parameters":{"deptypes":["link"],"virtuals":["libc"]}},{"name":"gmake","hash":"nql6rhtimta2o7fpa2gbgybf2e6qd4vr","parameters":{"deptypes":["build"],"virtuals":[]}},{"name":"libiconv","hash":"gzcyobvy7ks2we4z2hvx7sdtrbb4rg53","parameters":{"deptypes":["build","link"],"virtuals":["iconv"]}},{"name":"libxml2","hash":"if3rlutpln7aby2dtoi2brxvusjliezr","parameters":{"deptypes":["build","link"],"virtuals":[]}},{"name":"ncurses","hash":"poubuuqayuubogz2pysbruffdwtwlk4x","parameters":{"deptypes":["build","link"],"virtuals":[]}},{"name":"tar","hash":"ho34citxeum5v3oi3ct4vdlskhflmwb6","parameters":{"deptypes":["build","link"],"virtuals":[]}},{"name":"xz","hash":"a62juh7w2423hddt4vobhiz2sr6ar47e","parameters":{"deptypes":["build","link","run"],"virtuals":[]}}],"hash":"m24w3oqmkpehgo7zt6mykgso32374upl"},"gzcyobvy7ks2we4z2hvx7sdtrbb4rg53":{"name":"libiconv","version":"1.17","arch":{"platform":"linux","platform_os":"rocky8","target":"x86_64"},"compiler":{"name":"gcc","version":"8.5.0"},"namespace":"builtin","parameters":{"build_system":"autotools","libs":["shared","static"],"cflags":[],"cppflags":[],"cxxflags":[],"fflags":[],"ldflags":[],"ldlibs":[]},"package_hash":"hx2hgtfxuafavkaf2rp3hjq7ttx4zuoyareduhx25lb4a5b64sua====","dependencies":[{"name":"gcc-runtime","hash":"xvjgomg5sceyxwzzma4lejwdhh4lp7xe","parameters":{"deptypes":["link"],"virtuals":[]}},{"name":"glibc","hash":"6bfinv7zwwffcz4l7b4cb6ndkdy77yqv","parameters":{"deptypes":["link"],"virtuals":["libc"]}},{"name":"gmake","hash":"nql6rhtimta2o7fpa2gbgybf2e6qd4vr","parameters":{"deptypes":["build"],"virtuals":[]}}],"hash":"gzcyobvy7ks2we4z2hvx7sdtrbb4rg53"},"if3rlutpln7aby2dtoi2brxvusjliezr":{"name":"libxml2","version":"2.10.3","arch":{"platform":"linux","platform_os":"rocky8","target":"x86_64"},"compiler":{"name":"gcc","version":"8.5.0"},"namespace":"builtin","parameters":{"build_system":"autotools","pic":true,"python":false,"shared":true,"cflags":[],"cppflags":[],"cxxflags":[],"fflags":[],"ldflags":[],"ldlibs":[]},"package_hash":"squqo2aayigwxdusu3q3syojwit5gqdh6q4un576652hy4gytxcq====","dependencies":[{"name":"gcc-runtime","hash":"xvjgomg5sceyxwzzma4lejwdhh4lp7xe","parameters":{"deptypes":["link"],"virtuals":[]}},{"name":"glibc","hash":"6bfinv7zwwffcz4l7b4cb6ndkdy77yqv","parameters":{"deptypes":["link"],"virtuals":["libc"]}},{"name":"gmake","hash":"nql6rhtimta2o7fpa2gbgybf2e6qd4vr","parameters":{"deptypes":["build"],"virtuals":[]}},{"name":"libiconv","hash":"gzcyobvy7ks2we4z2hvx7sdtrbb4rg53","parameters":{"deptypes":["build","link"],"virtuals":["iconv"]}},{"name":"pkgconf","hash":"heojzxoh7xjdrikh7lrfwohkst3zn6w6","parameters":{"deptypes":["build"],"virtuals":["pkgconfig"]}},{"name":"xz","hash":"a62juh7w2423hddt4vobhiz2sr6ar47e","parameters":{"deptypes":["build","link"],"virtuals":[]}},{"name":"zlib-ng","hash":"bucswa2zcyjfjnxjmiqmjk5hxih2kpos","parameters":{"deptypes":["build","link"],"virtuals":["zlib-api"]}}],"hash":"if3rlutpln7aby2dtoi2brxvusjliezr"},"a62juh7w2423hddt4vobhiz2sr6ar47e":{"name":"xz","version":"5.4.6","arch":{"platform":"linux","platform_os":"rocky8","target":"x86_64"},"compiler":{"name":"gcc","version":"8.5.0"},"namespace":"builtin","parameters":{"build_system":"autotools","libs":["shared","static"],"pic":false,"cflags":[],"cppflags":[],"cxxflags":[],"fflags":[],"ldflags":[],"ldlibs":[]},"package_hash":"zt5vu2vph2v2qjwgdbe7btgcz7axpyalorcsqiuxhrg5grwgrrvq====","dependencies":[{"name":"gcc-runtime","hash":"xvjgomg5sceyxwzzma4lejwdhh4lp7xe","parameters":{"deptypes":["link"],"virtuals":[]}},{"name":"glibc","hash":"6bfinv7zwwffcz4l7b4cb6ndkdy77yqv","parameters":{"deptypes":["link"],"virtuals":["libc"]}},{"name":"gmake","hash":"nql6rhtimta2o7fpa2gbgybf2e6qd4vr","parameters":{"deptypes":["build"],"virtuals":[]}}],"hash":"a62juh7w2423hddt4vobhiz2sr6ar47e"},"ho34citxeum5v3oi3ct4vdlskhflmwb6":{"name":"tar","version":"1.30","arch":{"platform":"linux","platform_os":"rocky8","target":"x86_64"},"compiler":{"name":"gcc","version":"8.5.0"},"namespace":"builtin","parameters":{"build_system":"autotools","zip":"pigz","cflags":[],"cppflags":[],"cxxflags":[],"fflags":[],"ldflags":[],"ldlibs":[]},"external":{"path":"/usr","module":null,"extra_attributes":{}},"package_hash":"olcybpknx6xjupmmjbfiqgjmg4kxeollcjxzrax4rfwkb33notiq====","hash":"ho34citxeum5v3oi3ct4vdlskhflmwb6"},"c4ziswjyaqp45stjzc4njyl6xq4qoyvn":{"name":"zstd","version":"1.5.6","arch":{"platform":"linux","platform_os":"rocky8","target":"x86_64"},"compiler":{"name":"gcc","version":"8.5.0"},"namespace":"builtin","parameters":{"build_system":"makefile","libs":["shared","static"],"programs":false,"cflags":[],"cppflags":[],"cxxflags":[],"fflags":[],"ldflags":[],"ldlibs":[]},"package_hash":"uvmrov4c6unft6o4yd3jk3uqvweua3uhwdli4sw7h5wvklaf5t3q====","dependencies":[{"name":"gcc-runtime","hash":"xvjgomg5sceyxwzzma4lejwdhh4lp7xe","parameters":{"deptypes":["link"],"virtuals":[]}},{"name":"glibc","hash":"6bfinv7zwwffcz4l7b4cb6ndkdy77yqv","parameters":{"deptypes":["link"],"virtuals":["libc"]}},{"name":"gmake","hash":"nql6rhtimta2o7fpa2gbgybf2e6qd4vr","parameters":{"deptypes":["build"],"virtuals":[]}}],"hash":"c4ziswjyaqp45stjzc4njyl6xq4qoyvn"}}}